
Microsoft Visual Studio Solution File, Format Version 12.00
# Visual Studio Version 17
VisualStudioVersion = 17.6.33829.357
MinimumVisualStudioVersion = 10.0.40219.1
Project("{FAE04EC0-301F-11D3-BF4B-00C04F79EFBC}") = "TicketSystemApplication", "TicketSystemApplication.csproj", "{32945BC4-B1C9-4081-A219-72A2FFD5BA13}"
EndProject
Global
	GlobalSection(SolutionConfigurationPlatforms) = preSolution
		Debug|Any CPU = Debug|Any CPU
		Release|Any CPU = Release|Any CPU
	EndGlobalSection
	GlobalSection(ProjectConfigurationPlatforms) = postSolution
		{32945BC4-B1C9-4081-A219-72A2FFD5BA13}.Debug|Any CPU.ActiveCfg = Debug|Any CPU
		{32945BC4-B1C9-4081-A219-72A2FFD5BA13}.Debug|Any CPU.Build.0 = Debug|Any CPU
		{32945BC4-B1C9-4081-A219-72A2FFD5BA13}.Release|Any CPU.ActiveCfg = Release|Any CPU
		{32945BC4-B1C9-4081-A219-72A2FFD5BA13}.Release|Any CPU.Build.0 = Release|Any CPU
	EndGlobalSection
	GlobalSection(SolutionProperties) = preSolution
		HideSolutionNode = FALSE
	EndGlobalSection
	GlobalSection(ExtensibilityGlobals) = postSolution
		SolutionGuid = {FE39CB4B-9A3C-4B74-B19C-10C7A7F8D801}
	EndGlobalSection
EndGlobal
